
Microsoft Visual Studio Solution File, Format Version 12.00
# Visual Studio Version 16
VisualStudioVersion = 16.0.30611.23
MinimumVisualStudioVersion = 10.0.40219.1
Project("{FAE04EC0-301F-11D3-BF4B-00C04F79EFBC}") = "Constructor[A]", "Constructor[A]\Constructor[A].csproj", "{8D1F1E77-F70E-41DC-86BC-2AE6EA295FBD}"
EndProject
Global
	GlobalSection(SolutionConfigurationPlatforms) = preSolution
		Debug|Any CPU = Debug|Any CPU
		Release|Any CPU = Release|Any CPU
	EndGlobalSection
	GlobalSection(ProjectConfigurationPlatforms) = postSolution
		{8D1F1E77-F70E-41DC-86BC-2AE6EA295FBD}.Debug|Any CPU.ActiveCfg = Debug|Any CPU
		{8D1F1E77-F70E-41DC-86BC-2AE6EA295FBD}.Debug|Any CPU.Build.0 = Debug|Any CPU
		{8D1F1E77-F70E-41DC-86BC-2AE6EA295FBD}.Release|Any CPU.ActiveCfg = Release|Any CPU
		{8D1F1E77-F70E-41DC-86BC-2AE6EA295FBD}.Release|Any CPU.Build.0 = Release|Any CPU
	EndGlobalSection
	GlobalSection(SolutionProperties) = preSolution
		HideSolutionNode = FALSE
	EndGlobalSection
	GlobalSection(ExtensibilityGlobals) = postSolution
		SolutionGuid = {43355540-A8A9-48E8-8A37-6FEE26D3490B}
	EndGlobalSection
EndGlobal
